
Microsoft Visual Studio Solution File, Format Version 12.00
# Visual Studio Version 17
VisualStudioVersion = 17.1.32421.90
MinimumVisualStudioVersion = 10.0.40219.1
Project("{9A19103F-16F7-4668-BE54-9A1E7A4F7556}") = "UdemyPractice", "UdemyPractice\UdemyPractice.csproj", "{E44418B2-4C2F-44F4-996F-C9815C86EA0A}"
EndProject
Project("{9A19103F-16F7-4668-BE54-9A1E7A4F7556}") = "Loops", "Loops\Loops.csproj", "{7BC793BE-00DD-4534-9AEB-D1337D7748CE}"
EndProject
Project("{9A19103F-16F7-4668-BE54-9A1E7A4F7556}") = "Excercises", "Excercises\Excercises.csproj", "{06A2C3D3-C870-4EF0-9CE8-FC38F5F73430}"
EndProject
Project("{9A19103F-16F7-4668-BE54-9A1E7A4F7556}") = "OOP", "OOP\OOP.csproj", "{2FAAFAFC-31E5-4BF5-933F-AF1C369DE7D4}"
EndProject
Project("{9A19103F-16F7-4668-BE54-9A1E7A4F7556}") = "Arrays", "Arrays\Arrays.csproj", "{B58B8FA1-164C-41DB-8190-D53AFE5413F0}"
EndProject
Project("{9A19103F-16F7-4668-BE54-9A1E7A4F7556}") = "TicTacToe", "TicTacToe\TicTacToe.csproj", "{B56C08DC-1067-4015-A2E8-99DE2D9FC759}"
EndProject
Project("{9A19103F-16F7-4668-BE54-9A1E7A4F7556}") = "Collections", "Collections\Collections.csproj", "{BDCDD175-17E3-48EC-853F-9ED83471341A}"
EndProject
Project("{9A19103F-16F7-4668-BE54-9A1E7A4F7556}") = "Hashtables", "Hashtables\Hashtables.csproj", "{2039AFDA-1715-4B78-8F59-6717D85BB6B0}"
EndProject
Project("{9A19103F-16F7-4668-BE54-9A1E7A4F7556}") = "Dictionaries", "Dictionaries\Dictionaries.csproj", "{DFD962C4-4088-4852-B328-4A1155E3E0ED}"
EndProject
Project("{9A19103F-16F7-4668-BE54-9A1E7A4F7556}") = "Stacks and queues", "Stacks and queues\Stacks and queues.csproj", "{DE34B09A-5F29-40AB-8A15-A9521C4AA80C}"
EndProject
Project("{9A19103F-16F7-4668-BE54-9A1E7A4F7556}") = "Inheritance", "Inheritance\Inheritance.csproj", "{0CEDC76A-8B3A-4A69-8594-9A27BF007C23}"
EndProject
Project("{9A19103F-16F7-4668-BE54-9A1E7A4F7556}") = "Timers", "Timers\Timers.csproj", "{BB64C63E-7CDC-49E7-8BE8-CA19AD3729E6}"
EndProject
Project("{9A19103F-16F7-4668-BE54-9A1E7A4F7556}") = "Delegates", "Delegates\Delegates.csproj", "{5A1B26A0-4678-4FBF-8925-559378A7836B}"
EndProject
Project("{9A19103F-16F7-4668-BE54-9A1E7A4F7556}") = "InheritanceChallenge2", "InheritanceChallenge2\InheritanceChallenge2.csproj", "{0410E2EF-8D53-49AE-858A-D9390B1AA517}"
EndProject
Project("{9A19103F-16F7-4668-BE54-9A1E7A4F7556}") = "Interfaces", "Interfaces\Interfaces.csproj", "{178E010C-27C9-4008-BBD4-7130A7416E04}"
EndProject
Project("{9A19103F-16F7-4668-BE54-9A1E7A4F7556}") = "IEnumerablePractice", "IEnumerablePractice\IEnumerablePractice.csproj", "{31F154BF-5D71-484F-9E45-B47289184520}"
EndProject
Project("{9A19103F-16F7-4668-BE54-9A1E7A4F7556}") = "Polymorphism", "Polymorphism\Polymorphism.csproj", "{8707C832-C97C-4209-A08A-43F6B5C685AA}"
EndProject
Project("{9A19103F-16F7-4668-BE54-9A1E7A4F7556}") = "Assignment2", "Assignment2\Assignment2.csproj", "{C357CFE5-259B-4481-9BA7-6FF385F2A36B}"
EndProject
Project("{FAE04EC0-301F-11D3-BF4B-00C04F79EFBC}") = "AdvancedTopics", "AdvancedTopics\AdvancedTopics.csproj", "{DCB49293-2CA8-4EE6-B7E2-24B01E22501F}"
EndProject
Global
	GlobalSection(SolutionConfigurationPlatforms) = preSolution
		Debug|Any CPU = Debug|Any CPU
		Release|Any CPU = Release|Any CPU
	EndGlobalSection
	GlobalSection(ProjectConfigurationPlatforms) = postSolution
		{E44418B2-4C2F-44F4-996F-C9815C86EA0A}.Debug|Any CPU.ActiveCfg = Debug|Any CPU
		{E44418B2-4C2F-44F4-996F-C9815C86EA0A}.Debug|Any CPU.Build.0 = Debug|Any CPU
		{E44418B2-4C2F-44F4-996F-C9815C86EA0A}.Release|Any CPU.ActiveCfg = Release|Any CPU
		{E44418B2-4C2F-44F4-996F-C9815C86EA0A}.Release|Any CPU.Build.0 = Release|Any CPU
		{7BC793BE-00DD-4534-9AEB-D1337D7748CE}.Debug|Any CPU.ActiveCfg = Debug|Any CPU
		{7BC793BE-00DD-4534-9AEB-D1337D7748CE}.Debug|Any CPU.Build.0 = Debug|Any CPU
		{7BC793BE-00DD-4534-9AEB-D1337D7748CE}.Release|Any CPU.ActiveCfg = Release|Any CPU
		{7BC793BE-00DD-4534-9AEB-D1337D7748CE}.Release|Any CPU.Build.0 = Release|Any CPU
		{06A2C3D3-C870-4EF0-9CE8-FC38F5F73430}.Debug|Any CPU.ActiveCfg = Debug|Any CPU
		{06A2C3D3-C870-4EF0-9CE8-FC38F5F73430}.Debug|Any CPU.Build.0 = Debug|Any CPU
		{06A2C3D3-C870-4EF0-9CE8-FC38F5F73430}.Release|Any CPU.ActiveCfg = Release|Any CPU
		{06A2C3D3-C870-4EF0-9CE8-FC38F5F73430}.Release|Any CPU.Build.0 = Release|Any CPU
		{2FAAFAFC-31E5-4BF5-933F-AF1C369DE7D4}.Debug|Any CPU.ActiveCfg = Debug|Any CPU
		{2FAAFAFC-31E5-4BF5-933F-AF1C369DE7D4}.Debug|Any CPU.Build.0 = Debug|Any CPU
		{2FAAFAFC-31E5-4BF5-933F-AF1C369DE7D4}.Release|Any CPU.ActiveCfg = Release|Any CPU
		{2FAAFAFC-31E5-4BF5-933F-AF1C369DE7D4}.Release|Any CPU.Build.0 = Release|Any CPU
		{B58B8FA1-164C-41DB-8190-D53AFE5413F0}.Debug|Any CPU.ActiveCfg = Debug|Any CPU
		{B58B8FA1-164C-41DB-8190-D53AFE5413F0}.Debug|Any CPU.Build.0 = Debug|Any CPU
		{B58B8FA1-164C-41DB-8190-D53AFE5413F0}.Release|Any CPU.ActiveCfg = Release|Any CPU
		{B58B8FA1-164C-41DB-8190-D53AFE5413F0}.Release|Any CPU.Build.0 = Release|Any CPU
		{B56C08DC-1067-4015-A2E8-99DE2D9FC759}.Debug|Any CPU.ActiveCfg = Debug|Any CPU
		{B56C08DC-1067-4015-A2E8-99DE2D9FC759}.Debug|Any CPU.Build.0 = Debug|Any CPU
		{B56C08DC-1067-4015-A2E8-99DE2D9FC759}.Release|Any CPU.ActiveCfg = Release|Any CPU
		{B56C08DC-1067-4015-A2E8-99DE2D9FC759}.Release|Any CPU.Build.0 = Release|Any CPU
		{BDCDD175-17E3-48EC-853F-9ED83471341A}.Debug|Any CPU.ActiveCfg = Debug|Any CPU
		{BDCDD175-17E3-48EC-853F-9ED83471341A}.Debug|Any CPU.Build.0 = Debug|Any CPU
		{BDCDD175-17E3-48EC-853F-9ED83471341A}.Release|Any CPU.ActiveCfg = Release|Any CPU
		{BDCDD175-17E3-48EC-853F-9ED83471341A}.Release|Any CPU.Build.0 = Release|Any CPU
		{2039AFDA-1715-4B78-8F59-6717D85BB6B0}.Debug|Any CPU.ActiveCfg = Debug|Any CPU
		{2039AFDA-1715-4B78-8F59-6717D85BB6B0}.Debug|Any CPU.Build.0 = Debug|Any CPU
		{2039AFDA-1715-4B78-8F59-6717D85BB6B0}.Release|Any CPU.ActiveCfg = Release|Any CPU
		{2039AFDA-1715-4B78-8F59-6717D85BB6B0}.Release|Any CPU.Build.0 = Release|Any CPU
		{DFD962C4-4088-4852-B328-4A1155E3E0ED}.Debug|Any CPU.ActiveCfg = Debug|Any CPU
		{DFD962C4-4088-4852-B328-4A1155E3E0ED}.Debug|Any CPU.Build.0 = Debug|Any CPU
		{DFD962C4-4088-4852-B328-4A1155E3E0ED}.Release|Any CPU.ActiveCfg = Release|Any CPU
		{DFD962C4-4088-4852-B328-4A1155E3E0ED}.Release|Any CPU.Build.0 = Release|Any CPU
		{DE34B09A-5F29-40AB-8A15-A9521C4AA80C}.Debug|Any CPU.ActiveCfg = Debug|Any CPU
		{DE34B09A-5F29-40AB-8A15-A9521C4AA80C}.Debug|Any CPU.Build.0 = Debug|Any CPU
		{DE34B09A-5F29-40AB-8A15-A9521C4AA80C}.Release|Any CPU.ActiveCfg = Release|Any CPU
		{DE34B09A-5F29-40AB-8A15-A9521C4AA80C}.Release|Any CPU.Build.0 = Release|Any CPU
		{0CEDC76A-8B3A-4A69-8594-9A27BF007C23}.Debug|Any CPU.ActiveCfg = Debug|Any CPU
		{0CEDC76A-8B3A-4A69-8594-9A27BF007C23}.Debug|Any CPU.Build.0 = Debug|Any CPU
		{0CEDC76A-8B3A-4A69-8594-9A27BF007C23}.Release|Any CPU.ActiveCfg = Release|Any CPU
		{0CEDC76A-8B3A-4A69-8594-9A27BF007C23}.Release|Any CPU.Build.0 = Release|Any CPU
		{BB64C63E-7CDC-49E7-8BE8-CA19AD3729E6}.Debug|Any CPU.ActiveCfg = Debug|Any CPU
		{BB64C63E-7CDC-49E7-8BE8-CA19AD3729E6}.Debug|Any CPU.Build.0 = Debug|Any CPU
		{BB64C63E-7CDC-49E7-8BE8-CA19AD3729E6}.Release|Any CPU.ActiveCfg = Release|Any CPU
		{BB64C63E-7CDC-49E7-8BE8-CA19AD3729E6}.Release|Any CPU.Build.0 = Release|Any CPU
		{5A1B26A0-4678-4FBF-8925-559378A7836B}.Debug|Any CPU.ActiveCfg = Debug|Any CPU
		{5A1B26A0-4678-4FBF-8925-559378A7836B}.Debug|Any CPU.Build.0 = Debug|Any CPU
		{5A1B26A0-4678-4FBF-8925-559378A7836B}.Release|Any CPU.ActiveCfg = Release|Any CPU
		{5A1B26A0-4678-4FBF-8925-559378A7836B}.Release|Any CPU.Build.0 = Release|Any CPU
		{0410E2EF-8D53-49AE-858A-D9390B1AA517}.Debug|Any CPU.ActiveCfg = Debug|Any CPU
		{0410E2EF-8D53-49AE-858A-D9390B1AA517}.Debug|Any CPU.Build.0 = Debug|Any CPU
		{0410E2EF-8D53-49AE-858A-D9390B1AA517}.Release|Any CPU.ActiveCfg = Release|Any CPU
		{0410E2EF-8D53-49AE-858A-D9390B1AA517}.Release|Any CPU.Build.0 = Release|Any CPU
		{178E010C-27C9-4008-BBD4-7130A7416E04}.Debug|Any CPU.ActiveCfg = Debug|Any CPU
		{178E010C-27C9-4008-BBD4-7130A7416E04}.Debug|Any CPU.Build.0 = Debug|Any CPU
		{178E010C-27C9-4008-BBD4-7130A7416E04}.Release|Any CPU.ActiveCfg = Release|Any CPU
		{178E010C-27C9-4008-BBD4-7130A7416E04}.Release|Any CPU.Build.0 = Release|Any CPU
		{31F154BF-5D71-484F-9E45-B47289184520}.Debug|Any CPU.ActiveCfg = Debug|Any CPU
		{31F154BF-5D71-484F-9E45-B47289184520}.Debug|Any CPU.Build.0 = Debug|Any CPU
		{31F154BF-5D71-484F-9E45-B47289184520}.Release|Any CPU.ActiveCfg = Release|Any CPU
		{31F154BF-5D71-484F-9E45-B47289184520}.Release|Any CPU.Build.0 = Release|Any CPU
		{8707C832-C97C-4209-A08A-43F6B5C685AA}.Debug|Any CPU.ActiveCfg = Debug|Any CPU
		{8707C832-C97C-4209-A08A-43F6B5C685AA}.Debug|Any CPU.Build.0 = Debug|Any CPU
		{8707C832-C97C-4209-A08A-43F6B5C685AA}.Release|Any CPU.ActiveCfg = Release|Any CPU
		{8707C832-C97C-4209-A08A-43F6B5C685AA}.Release|Any CPU.Build.0 = Release|Any CPU
		{C357CFE5-259B-4481-9BA7-6FF385F2A36B}.Debug|Any CPU.ActiveCfg = Debug|Any CPU
		{C357CFE5-259B-4481-9BA7-6FF385F2A36B}.Debug|Any CPU.Build.0 = Debug|Any CPU
		{C357CFE5-259B-4481-9BA7-6FF385F2A36B}.Release|Any CPU.ActiveCfg = Release|Any CPU
		{C357CFE5-259B-4481-9BA7-6FF385F2A36B}.Release|Any CPU.Build.0 = Release|Any CPU
		{DCB49293-2CA8-4EE6-B7E2-24B01E22501F}.Debug|Any CPU.ActiveCfg = Debug|Any CPU
		{DCB49293-2CA8-4EE6-B7E2-24B01E22501F}.Debug|Any CPU.Build.0 = Debug|Any CPU
		{DCB49293-2CA8-4EE6-B7E2-24B01E22501F}.Release|Any CPU.ActiveCfg = Release|Any CPU
		{DCB49293-2CA8-4EE6-B7E2-24B01E22501F}.Release|Any CPU.Build.0 = Release|Any CPU
	EndGlobalSection
	GlobalSection(SolutionProperties) = preSolution
		HideSolutionNode = FALSE
	EndGlobalSection
	GlobalSection(ExtensibilityGlobals) = postSolution
		SolutionGuid = {E4761A5E-80D6-4A64-B34A-F0A4328662C9}
	EndGlobalSection
EndGlobal
